
Microsoft Visual Studio Solution File, Format Version 12.00
# Visual Studio Version 17
VisualStudioVersion = 17.3.32819.101
MinimumVisualStudioVersion = 10.0.40219.1
Project("{FAE04EC0-301F-11D3-BF4B-00C04F79EFBC}") = "Module18.Task2", "Module18.Task2\Module18.Task2.csproj", "{DBF9EF22-CD2C-4814-8207-137BCC676061}"
EndProject
Global
	GlobalSection(SolutionConfigurationPlatforms) = preSolution
		Debug|Any CPU = Debug|Any CPU
		Release|Any CPU = Release|Any CPU
	EndGlobalSection
	GlobalSection(ProjectConfigurationPlatforms) = postSolution
		{DBF9EF22-CD2C-4814-8207-137BCC676061}.Debug|Any CPU.ActiveCfg = Debug|Any CPU
		{DBF9EF22-CD2C-4814-8207-137BCC676061}.Debug|Any CPU.Build.0 = Debug|Any CPU
		{DBF9EF22-CD2C-4814-8207-137BCC676061}.Release|Any CPU.ActiveCfg = Release|Any CPU
		{DBF9EF22-CD2C-4814-8207-137BCC676061}.Release|Any CPU.Build.0 = Release|Any CPU
	EndGlobalSection
	GlobalSection(SolutionProperties) = preSolution
		HideSolutionNode = FALSE
	EndGlobalSection
	GlobalSection(ExtensibilityGlobals) = postSolution
		SolutionGuid = {EB99AEC3-AD0B-4C7A-A420-B066995855C6}
	EndGlobalSection
EndGlobal
